// !$*UTF8*$!
{
	archiveVersion = 1;
	classes = {
	};
	objectVersion = 46;
	objects = {

/* Begin PBXBuildFile section */
		53351DF2E398EEE78BE446F8 /* Pods.framework in Frameworks */ = {isa = PBXBuildFile; fileRef = D83F5823B97B50573EE65554 /* Pods.framework */; settings = {ATTRIBUTES = (Weak, ); }; };
		87549C451B34067200CD1868 /* AppDelegate.swift in Sources */ = {isa = PBXBuildFile; fileRef = 87549C441B34067200CD1868 /* AppDelegate.swift */; };
		87549C471B34067200CD1868 /* CanvasViewController.swift in Sources */ = {isa = PBXBuildFile; fileRef = 87549C461B34067200CD1868 /* CanvasViewController.swift */; };
		87549C4A1B34067200CD1868 /* Main.storyboard in Resources */ = {isa = PBXBuildFile; fileRef = 87549C481B34067200CD1868 /* Main.storyboard */; };
		87549C4F1B34067200CD1868 /* LaunchScreen.xib in Resources */ = {isa = PBXBuildFile; fileRef = 87549C4D1B34067200CD1868 /* LaunchScreen.xib */; };
		87549C5B1B34067200CD1868 /* SeasonizerTests.swift in Sources */ = {isa = PBXBuildFile; fileRef = 87549C5A1B34067200CD1868 /* SeasonizerTests.swift */; };
		87549C651B3412F300CD1868 /* Accessory.swift in Sources */ = {isa = PBXBuildFile; fileRef = 87549C641B3412F300CD1868 /* Accessory.swift */; };
		87549C671B34154000CD1868 /* Images.xcassets in Resources */ = {isa = PBXBuildFile; fileRef = 87549C661B34154000CD1868 /* Images.xcassets */; };
		87549C691B3415FA00CD1868 /* AccessoryListViewController.swift in Sources */ = {isa = PBXBuildFile; fileRef = 87549C681B3415FA00CD1868 /* AccessoryListViewController.swift */; };
		87549C6D1B3443B100CD1868 /* AccessoryView.swift in Sources */ = {isa = PBXBuildFile; fileRef = 87549C6C1B3443B100CD1868 /* AccessoryView.swift */; };
/* End PBXBuildFile section */

/* Begin PBXContainerItemProxy section */
		87549C551B34067200CD1868 /* PBXContainerItemProxy */ = {
			isa = PBXContainerItemProxy;
			containerPortal = 87549C371B34067200CD1868 /* Project object */;
			proxyType = 1;
			remoteGlobalIDString = 87549C3E1B34067200CD1868;
			remoteInfo = Seasonizer;
		};
/* End PBXContainerItemProxy section */

/* Begin PBXFileReference section */
		156BE5B9595728998AC52B5A /* Pods.release.xcconfig */ = {isa = PBXFileReference; includeInIndex = 1; lastKnownFileType = text.xcconfig; name = Pods.release.xcconfig; path = "Pods/Target Support Files/Pods/Pods.release.xcconfig"; sourceTree = "<group>"; };
		87549C3F1B34067200CD1868 /* Seasonizer.app */ = {isa = PBXFileReference; explicitFileType = wrapper.application; includeInIndex = 0; path = Seasonizer.app; sourceTree = BUILT_PRODUCTS_DIR; };
		87549C431B34067200CD1868 /* Info.plist */ = {isa = PBXFileReference; lastKnownFileType = text.plist.xml; path = Info.plist; sourceTree = "<group>"; };
		87549C441B34067200CD1868 /* AppDelegate.swift */ = {isa = PBXFileReference; lastKnownFileType = sourcecode.swift; path = AppDelegate.swift; sourceTree = "<group>"; };
		87549C461B34067200CD1868 /* CanvasViewController.swift */ = {isa = PBXFileReference; lastKnownFileType = sourcecode.swift; path = CanvasViewController.swift; sourceTree = "<group>"; };
		87549C491B34067200CD1868 /* Base */ = {isa = PBXFileReference; lastKnownFileType = file.storyboard; name = Base; path = Base.lproj/Main.storyboard; sourceTree = "<group>"; };
		87549C4E1B34067200CD1868 /* Base */ = {isa = PBXFileReference; lastKnownFileType = file.xib; name = Base; path = Base.lproj/LaunchScreen.xib; sourceTree = "<group>"; };
		87549C541B34067200CD1868 /* SeasonizerTests.xctest */ = {isa = PBXFileReference; explicitFileType = wrapper.cfbundle; includeInIndex = 0; path = SeasonizerTests.xctest; sourceTree = BUILT_PRODUCTS_DIR; };
		87549C591B34067200CD1868 /* Info.plist */ = {isa = PBXFileReference; lastKnownFileType = text.plist.xml; path = Info.plist; sourceTree = "<group>"; };
		87549C5A1B34067200CD1868 /* SeasonizerTests.swift */ = {isa = PBXFileReference; lastKnownFileType = sourcecode.swift; path = SeasonizerTests.swift; sourceTree = "<group>"; };
		87549C641B3412F300CD1868 /* Accessory.swift */ = {isa = PBXFileReference; fileEncoding = 4; lastKnownFileType = sourcecode.swift; path = Accessory.swift; sourceTree = "<group>"; };
		87549C661B34154000CD1868 /* Images.xcassets */ = {isa = PBXFileReference; lastKnownFileType = folder.assetcatalog; path = Images.xcassets; sourceTree = "<group>"; };
		87549C681B3415FA00CD1868 /* AccessoryListViewController.swift */ = {isa = PBXFileReference; fileEncoding = 4; lastKnownFileType = sourcecode.swift; path = AccessoryListViewController.swift; sourceTree = "<group>"; };
		87549C6C1B3443B100CD1868 /* AccessoryView.swift */ = {isa = PBXFileReference; fileEncoding = 4; lastKnownFileType = sourcecode.swift; path = AccessoryView.swift; sourceTree = "<group>"; };
		C65FA47E303CC13765FF5885 /* Pods.debug.xcconfig */ = {isa = PBXFileReference; includeInIndex = 1; lastKnownFileType = text.xcconfig; name = Pods.debug.xcconfig; path = "Pods/Target Support Files/Pods/Pods.debug.xcconfig"; sourceTree = "<group>"; };
		D83F5823B97B50573EE65554 /* Pods.framework */ = {isa = PBXFileReference; explicitFileType = wrapper.framework; includeInIndex = 0; path = Pods.framework; sourceTree = BUILT_PRODUCTS_DIR; };
/* End PBXFileReference section */

/* Begin PBXFrameworksBuildPhase section */
		87549C3C1B34067200CD1868 /* Frameworks */ = {
			isa = PBXFrameworksBuildPhase;
			buildActionMask = 2147483647;
			files = (
				53351DF2E398EEE78BE446F8 /* Pods.framework in Frameworks */,
			);
			runOnlyForDeploymentPostprocessing = 0;
		};
		87549C511B34067200CD1868 /* Frameworks */ = {
			isa = PBXFrameworksBuildPhase;
			buildActionMask = 2147483647;
			files = (
			);
			runOnlyForDeploymentPostprocessing = 0;
		};
/* End PBXFrameworksBuildPhase section */

/* Begin PBXGroup section */
		086FE71D275C4CA2423C7957 /* Frameworks */ = {
			isa = PBXGroup;
			children = (
				D83F5823B97B50573EE65554 /* Pods.framework */,
			);
			name = Frameworks;
			sourceTree = "<group>";
		};
		5155941C40CE9A8A5FDB23C1 /* Pods */ = {
			isa = PBXGroup;
			children = (
				C65FA47E303CC13765FF5885 /* Pods.debug.xcconfig */,
				156BE5B9595728998AC52B5A /* Pods.release.xcconfig */,
			);
			name = Pods;
			sourceTree = "<group>";
		};
		87549C361B34067200CD1868 = {
			isa = PBXGroup;
			children = (
				87549C411B34067200CD1868 /* Seasonizer */,
				87549C571B34067200CD1868 /* SeasonizerTests */,
				87549C401B34067200CD1868 /* Products */,
				5155941C40CE9A8A5FDB23C1 /* Pods */,
				086FE71D275C4CA2423C7957 /* Frameworks */,
			);
			sourceTree = "<group>";
		};
		87549C401B34067200CD1868 /* Products */ = {
			isa = PBXGroup;
			children = (
				87549C3F1B34067200CD1868 /* Seasonizer.app */,
				87549C541B34067200CD1868 /* SeasonizerTests.xctest */,
			);
			name = Products;
			sourceTree = "<group>";
		};
		87549C411B34067200CD1868 /* Seasonizer */ = {
			isa = PBXGroup;
			children = (
				87549C441B34067200CD1868 /* AppDelegate.swift */,
				87549C461B34067200CD1868 /* CanvasViewController.swift */,
				87549C681B3415FA00CD1868 /* AccessoryListViewController.swift */,
				87549C641B3412F300CD1868 /* Accessory.swift */,
				87549C6C1B3443B100CD1868 /* AccessoryView.swift */,
				87549C481B34067200CD1868 /* Main.storyboard */,
				87549C661B34154000CD1868 /* Images.xcassets */,
				87549C4D1B34067200CD1868 /* LaunchScreen.xib */,
				87549C421B34067200CD1868 /* Supporting Files */,
			);
			path = Seasonizer;
			sourceTree = "<group>";
		};
		87549C421B34067200CD1868 /* Supporting Files */ = {
			isa = PBXGroup;
			children = (
				87549C431B34067200CD1868 /* Info.plist */,
			);
			name = "Supporting Files";
			sourceTree = "<group>";
		};
		87549C571B34067200CD1868 /* SeasonizerTests */ = {
			isa = PBXGroup;
			children = (
				87549C5A1B34067200CD1868 /* SeasonizerTests.swift */,
				87549C581B34067200CD1868 /* Supporting Files */,
			);
			path = SeasonizerTests;
			sourceTree = "<group>";
		};
		87549C581B34067200CD1868 /* Supporting Files */ = {
			isa = PBXGroup;
			children = (
				87549C591B34067200CD1868 /* Info.plist */,
			);
			name = "Supporting Files";
			sourceTree = "<group>";
		};
/* End PBXGroup section */

/* Begin PBXNativeTarget section */
		87549C3E1B34067200CD1868 /* Seasonizer */ = {
			isa = PBXNativeTarget;
			buildConfigurationList = 87549C5E1B34067200CD1868 /* Build configuration list for PBXNativeTarget "Seasonizer" */;
			buildPhases = (
				497186B720765257EB76E9F3 /* Check Pods Manifest.lock */,
				87549C3B1B34067200CD1868 /* Sources */,
				87549C3C1B34067200CD1868 /* Frameworks */,
				87549C3D1B34067200CD1868 /* Resources */,
				76171A56F7C8BBF266117716 /* Embed Pods Frameworks */,
				ADE022B08057827EA5F54D5F /* Copy Pods Resources */,
			);
			buildRules = (
			);
			dependencies = (
			);
			name = Seasonizer;
			productName = Seasonizer;
			productReference = 87549C3F1B34067200CD1868 /* Seasonizer.app */;
			productType = "com.apple.product-type.application";
		};
		87549C531B34067200CD1868 /* SeasonizerTests */ = {
			isa = PBXNativeTarget;
			buildConfigurationList = 87549C611B34067200CD1868 /* Build configuration list for PBXNativeTarget "SeasonizerTests" */;
			buildPhases = (
				87549C501B34067200CD1868 /* Sources */,
				87549C511B34067200CD1868 /* Frameworks */,
				87549C521B34067200CD1868 /* Resources */,
			);
			buildRules = (
			);
			dependencies = (
				87549C561B34067200CD1868 /* PBXTargetDependency */,
			);
			name = SeasonizerTests;
			productName = SeasonizerTests;
			productReference = 87549C541B34067200CD1868 /* SeasonizerTests.xctest */;
			productType = "com.apple.product-type.bundle.unit-test";
		};
/* End PBXNativeTarget section */

/* Begin PBXProject section */
		87549C371B34067200CD1868 /* Project object */ = {
			isa = PBXProject;
			attributes = {
				LastSwiftUpdateCheck = 0700;
				LastUpgradeCheck = 0630;
				ORGANIZATIONNAME = "Nils Fischer";
				TargetAttributes = {
					87549C3E1B34067200CD1868 = {
						CreatedOnToolsVersion = 6.3.2;
						DevelopmentTeam = SZEDS83NVF;
					};
					87549C531B34067200CD1868 = {
						CreatedOnToolsVersion = 6.3.2;
						TestTargetID = 87549C3E1B34067200CD1868;
					};
				};
			};
			buildConfigurationList = 87549C3A1B34067200CD1868 /* Build configuration list for PBXProject "Seasonizer" */;
			compatibilityVersion = "Xcode 3.2";
			developmentRegion = English;
			hasScannedForEncodings = 0;
			knownRegions = (
				en,
				Base,
			);
			mainGroup = 87549C361B34067200CD1868;
			productRefGroup = 87549C401B34067200CD1868 /* Products */;
			projectDirPath = "";
			projectRoot = "";
			targets = (
				87549C3E1B34067200CD1868 /* Seasonizer */,
				87549C531B34067200CD1868 /* SeasonizerTests */,
			);
		};
/* End PBXProject section */

/* Begin PBXResourcesBuildPhase section */
		87549C3D1B34067200CD1868 /* Resources */ = {
			isa = PBXResourcesBuildPhase;
			buildActionMask = 2147483647;
			files = (
				87549C671B34154000CD1868 /* Images.xcassets in Resources */,
				87549C4A1B34067200CD1868 /* Main.storyboard in Resources */,
				87549C4F1B34067200CD1868 /* LaunchScreen.xib in Resources */,
			);
			runOnlyForDeploymentPostprocessing = 0;
		};
		87549C521B34067200CD1868 /* Resources */ = {
			isa = PBXResourcesBuildPhase;
			buildActionMask = 2147483647;
			files = (
			);
			runOnlyForDeploymentPostprocessing = 0;
		};
/* End PBXResourcesBuildPhase section */

/* Begin PBXShellScriptBuildPhase section */
		497186B720765257EB76E9F3 /* Check Pods Manifest.lock */ = {
			isa = PBXShellScriptBuildPhase;
			buildActionMask = 2147483647;
			files = (
			);
			inputPaths = (
			);
			name = "Check Pods Manifest.lock";
			outputPaths = (
			);
			runOnlyForDeploymentPostprocessing = 0;
			shellPath = /bin/sh;
			shellScript = "diff \"${PODS_ROOT}/../Podfile.lock\" \"${PODS_ROOT}/Manifest.lock\" > /dev/null\nif [[ $? != 0 ]] ; then\n    cat << EOM\nerror: The sandbox is not in sync with the Podfile.lock. Run 'pod install' or update your CocoaPods installation.\nEOM\n    exit 1\nfi\n";
			showEnvVarsInLog = 0;
		};
		76171A56F7C8BBF266117716 /* Embed Pods Frameworks */ = {
			isa = PBXShellScriptBuildPhase;
			buildActionMask = 2147483647;
			files = (
			);
			inputPaths = (
			);
			name = "Embed Pods Frameworks";
			outputPaths = (
			);
			runOnlyForDeploymentPostprocessing = 0;
			shellPath = /bin/sh;
			shellScript = "\"${SRCROOT}/Pods/Target Support Files/Pods/Pods-frameworks.sh\"\n";
			showEnvVarsInLog = 0;
		};
		ADE022B08057827EA5F54D5F /* Copy Pods Resources */ = {
			isa = PBXShellScriptBuildPhase;
			buildActionMask = 2147483647;
			files = (
			);
			inputPaths = (
			);
			name = "Copy Pods Resources";
			outputPaths = (
			);
			runOnlyForDeploymentPostprocessing = 0;
			shellPath = /bin/sh;
			shellScript = "\"${SRCROOT}/Pods/Target Support Files/Pods/Pods-resources.sh\"\n";
			showEnvVarsInLog = 0;
		};
/* End PBXShellScriptBuildPhase section */

/* Begin PBXSourcesBuildPhase section */
		87549C3B1B34067200CD1868 /* Sources */ = {
			isa = PBXSourcesBuildPhase;
			buildActionMask = 2147483647;
			files = (
				87549C651B3412F300CD1868 /* Accessory.swift in Sources */,
				87549C6D1B3443B100CD1868 /* AccessoryView.swift in Sources */,
				87549C691B3415FA00CD1868 /* AccessoryListViewController.swift in Sources */,
				87549C471B34067200CD1868 /* CanvasViewController.swift in Sources */,
				87549C451B34067200CD1868 /* AppDelegate.swift in Sources */,
			);
			runOnlyForDeploymentPostprocessing = 0;
		};
		87549C501B34067200CD1868 /* Sources */ = {
			isa = PBXSourcesBuildPhase;
			buildActionMask = 2147483647;
			files = (
				87549C5B1B34067200CD1868 /* SeasonizerTests.swift in Sources */,
			);
			runOnlyForDeploymentPostprocessing = 0;
		};
/* End PBXSourcesBuildPhase section */

/* Begin PBXTargetDependency section */
		87549C561B34067200CD1868 /* PBXTargetDependency */ = {
			isa = PBXTargetDependency;
			target = 87549C3E1B34067200CD1868 /* Seasonizer */;
			targetProxy = 87549C551B34067200CD1868 /* PBXContainerItemProxy */;
		};
/* End PBXTargetDependency section */

/* Begin PBXVariantGroup section */
		87549C481B34067200CD1868 /* Main.storyboard */ = {
			isa = PBXVariantGroup;
			children = (
				87549C491B34067200CD1868 /* Base */,
			);
			name = Main.storyboard;
			sourceTree = "<group>";
		};
		87549C4D1B34067200CD1868 /* LaunchScreen.xib */ = {
			isa = PBXVariantGroup;
			children = (
				87549C4E1B34067200CD1868 /* Base */,
			);
			name = LaunchScreen.xib;
			sourceTree = "<group>";
		};
/* End PBXVariantGroup section */

/* Begin XCBuildConfiguration section */
		87549C5C1B34067200CD1868 /* Debug */ = {
			isa = XCBuildConfiguration;
			buildSettings = {
				ALWAYS_SEARCH_USER_PATHS = NO;
				CLANG_CXX_LANGUAGE_STANDARD = "gnu++0x";
				CLANG_CXX_LIBRARY = "libc++";
				CLANG_ENABLE_MODULES = YES;
				CLANG_ENABLE_OBJC_ARC = YES;
				CLANG_WARN_BOOL_CONVERSION = YES;
				CLANG_WARN_CONSTANT_CONVERSION = YES;
				CLANG_WARN_DIRECT_OBJC_ISA_USAGE = YES_ERROR;
				CLANG_WARN_EMPTY_BODY = YES;
				CLANG_WARN_ENUM_CONVERSION = YES;
				CLANG_WARN_INT_CONVERSION = YES;
				CLANG_WARN_OBJC_ROOT_CLASS = YES_ERROR;
				CLANG_WARN_UNREACHABLE_CODE = YES;
				CLANG_WARN__DUPLICATE_METHOD_MATCH = YES;
				"CODE_SIGN_IDENTITY[sdk=iphoneos*]" = "iPhone Developer";
				COPY_PHASE_STRIP = NO;
				DEBUG_INFORMATION_FORMAT = "dwarf-with-dsym";
				ENABLE_STRICT_OBJC_MSGSEND = YES;
				GCC_C_LANGUAGE_STANDARD = gnu99;
				GCC_DYNAMIC_NO_PIC = NO;
				GCC_NO_COMMON_BLOCKS = YES;
				GCC_OPTIMIZATION_LEVEL = 0;
				GCC_PREPROCESSOR_DEFINITIONS = (
					"DEBUG=1",
					"$(inherited)",
				);
				GCC_SYMBOLS_PRIVATE_EXTERN = NO;
				GCC_WARN_64_TO_32_BIT_CONVERSION = YES;
				GCC_WARN_ABOUT_RETURN_TYPE = YES_ERROR;
				GCC_WARN_UNDECLARED_SELECTOR = YES;
				GCC_WARN_UNINITIALIZED_AUTOS = YES_AGGRESSIVE;
				GCC_WARN_UNUSED_FUNCTION = YES;
				GCC_WARN_UNUSED_VARIABLE = YES;
				IPHONEOS_DEPLOYMENT_TARGET = 8.3;
				MTL_ENABLE_DEBUG_INFO = YES;
				ONLY_ACTIVE_ARCH = YES;
				SDKROOT = iphoneos;
				SWIFT_OPTIMIZATION_LEVEL = "-Onone";
				TARGETED_DEVICE_FAMILY = "1,2";
			};
			name = Debug;
		};
		87549C5D1B34067200CD1868 /* Release */ = {
			isa = XCBuildConfiguration;
			buildSettings = {
				ALWAYS_SEARCH_USER_PATHS = NO;
				CLANG_CXX_LANGUAGE_STANDARD = "gnu++0x";
				CLANG_CXX_LIBRARY = "libc++";
				CLANG_ENABLE_MODULES = YES;
				CLANG_ENABLE_OBJC_ARC = YES;
				CLANG_WARN_BOOL_CONVERSION = YES;
				CLANG_WARN_CONSTANT_CONVERSION = YES;
				CLANG_WARN_DIRECT_OBJC_ISA_USAGE = YES_ERROR;
				CLANG_WARN_EMPTY_BODY = YES;
				CLANG_WARN_ENUM_CONVERSION = YES;
				CLANG_WARN_INT_CONVERSION = YES;
				CLANG_WARN_OBJC_ROOT_CLASS = YES_ERROR;
				CLANG_WARN_UNREACHABLE_CODE = YES;
				CLANG_WARN__DUPLICATE_METHOD_MATCH = YES;
				"CODE_SIGN_IDENTITY[sdk=iphoneos*]" = "iPhone Developer";
				COPY_PHASE_STRIP = NO;
				DEBUG_INFORMATION_FORMAT = "dwarf-with-dsym";
				ENABLE_NS_ASSERTIONS = NO;
				ENABLE_STRICT_OBJC_MSGSEND = YES;
				GCC_C_LANGUAGE_STANDARD = gnu99;
				GCC_NO_COMMON_BLOCKS = YES;
				GCC_WARN_64_TO_32_BIT_CONVERSION = YES;
				GCC_WARN_ABOUT_RETURN_TYPE = YES_ERROR;
				GCC_WARN_UNDECLARED_SELECTOR = YES;
				GCC_WARN_UNINITIALIZED_AUTOS = YES_AGGRESSIVE;
				GCC_WARN_UNUSED_FUNCTION = YES;
				GCC_WARN_UNUSED_VARIABLE = YES;
				IPHONEOS_DEPLOYMENT_TARGET = 8.3;
				MTL_ENABLE_DEBUG_INFO = NO;
				SDKROOT = iphoneos;
				TARGETED_DEVICE_FAMILY = "1,2";
				VALIDATE_PRODUCT = YES;
			};
			name = Release;
		};
		87549C5F1B34067200CD1868 /* Debug */ = {
			isa = XCBuildConfiguration;
			baseConfigurationReference = C65FA47E303CC13765FF5885 /* Pods.debug.xcconfig */;
			buildSettings = {
				ASSETCATALOG_COMPILER_APPICON_NAME = AppIcon;
				CODE_SIGN_IDENTITY = "iPhone Developer";
				INFOPLIST_FILE = Seasonizer/Info.plist;
				LD_RUNPATH_SEARCH_PATHS = "$(inherited) @executable_path/Frameworks";
				PRODUCT_NAME = "$(TARGET_NAME)";
			};
			name = Debug;
		};
		87549C601B34067200CD1868 /* Release */ = {
			isa = XCBuildConfiguration;
			baseConfigurationReference = 156BE5B9595728998AC52B5A /* Pods.release.xcconfig */;
			buildSettings = {
				ASSETCATALOG_COMPILER_APPICON_NAME = AppIcon;
				CODE_SIGN_IDENTITY = "iPhone Developer";
				INFOPLIST_FILE = Seasonizer/Info.plist;
				LD_RUNPATH_SEARCH_PATHS = "$(inherited) @executable_path/Frameworks";
				PRODUCT_NAME = "$(TARGET_NAME)";
			};
			name = Release;
		};
		87549C621B34067200CD1868 /* Debug */ = {
			isa = XCBuildConfiguration;
			buildSettings = {
				BUNDLE_LOADER = "$(TEST_HOST)";
				FRAMEWORK_SEARCH_PATHS = (
					"$(SDKROOT)/Developer/Library/Frameworks",
					"$(inherited)",
				);
				GCC_PREPROCESSOR_DEFINITIONS = (
					"DEBUG=1",
					"$(inherited)",
				);
				INFOPLIST_FILE = SeasonizerTests/Info.plist;
				LD_RUNPATH_SEARCH_PATHS = "$(inherited) @executable_path/Frameworks @loader_path/Frameworks";
				PRODUCT_NAME = "$(TARGET_NAME)";
				TEST_HOST = "$(BUILT_PRODUCTS_DIR)/Seasonizer.app/Seasonizer";
			};
			name = Debug;
		};
		87549C631B34067200CD1868 /* Release */ = {
			isa = XCBuildConfiguration;
			buildSettings = {
				BUNDLE_LOADER = "$(TEST_HOST)";
				FRAMEWORK_SEARCH_PATHS = (
					"$(SDKROOT)/Developer/Library/Frameworks",
					"$(inherited)",
				);
				INFOPLIST_FILE = SeasonizerTests/Info.plist;
				LD_RUNPATH_SEARCH_PATHS = "$(inherited) @executable_path/Frameworks @loader_path/Frameworks";
				PRODUCT_NAME = "$(TARGET_NAME)";
				TEST_HOST = "$(BUILT_PRODUCTS_DIR)/Seasonizer.app/Seasonizer";
			};
			name = Release;
		};
/* End XCBuildConfiguration section */

/* Begin XCConfigurationList section */
		87549C3A1B34067200CD1868 /* Build configuration list for PBXProject "Seasonizer" */ = {
			isa = XCConfigurationList;
			buildConfigurations = (
				87549C5C1B34067200CD1868 /* Debug */,
				87549C5D1B34067200CD1868 /* Release */,
			);
			defaultConfigurationIsVisible = 0;
			defaultConfigurationName = Release;
		};
		87549C5E1B34067200CD1868 /* Build configuration list for PBXNativeTarget "Seasonizer" */ = {
			isa = XCConfigurationList;
			buildConfigurations = (
				87549C5F1B34067200CD1868 /* Debug */,
				87549C601B34067200CD1868 /* Release */,
			);
			defaultConfigurationIsVisible = 0;
			defaultConfigurationName = Release;
		};
		87549C611B34067200CD1868 /* Build configuration list for PBXNativeTarget "SeasonizerTests" */ = {
			isa = XCConfigurationList;
			buildConfigurations = (
				87549C621B34067200CD1868 /* Debug */,
				87549C631B34067200CD1868 /* Release */,
			);
			defaultConfigurationIsVisible = 0;
			defaultConfigurationName = Release;
		};
/* End XCConfigurationList section */
	};
	rootObject = 87549C371B34067200CD1868 /* Project object */;
}
