// !$*UTF8*$!
{
	archiveVersion = 1;
	classes = {
	};
	objectVersion = 46;
	objects = {

/* Begin PBXBuildFile section */
		871723B01CDE1A6000B88961 /* Main.storyboard in Resources */ = {isa = PBXBuildFile; fileRef = 871723AF1CDE1A6000B88961 /* Main.storyboard */; };
		872F7D391CDE044700505989 /* Launch Screen.storyboard in Resources */ = {isa = PBXBuildFile; fileRef = 872F7D381CDE044700505989 /* Launch Screen.storyboard */; };
		87549C451B34067200CD1868 /* AppDelegate.swift in Sources */ = {isa = PBXBuildFile; fileRef = 87549C441B34067200CD1868 /* AppDelegate.swift */; };
		87549C471B34067200CD1868 /* CanvasViewController.swift in Sources */ = {isa = PBXBuildFile; fileRef = 87549C461B34067200CD1868 /* CanvasViewController.swift */; };
		87549C651B3412F300CD1868 /* Accessory.swift in Sources */ = {isa = PBXBuildFile; fileRef = 87549C641B3412F300CD1868 /* Accessory.swift */; };
		87549C671B34154000CD1868 /* Images.xcassets in Resources */ = {isa = PBXBuildFile; fileRef = 87549C661B34154000CD1868 /* Images.xcassets */; };
		87549C691B3415FA00CD1868 /* AccessoryListViewController.swift in Sources */ = {isa = PBXBuildFile; fileRef = 87549C681B3415FA00CD1868 /* AccessoryListViewController.swift */; };
		87549C6D1B3443B100CD1868 /* AccessoryView.swift in Sources */ = {isa = PBXBuildFile; fileRef = 87549C6C1B3443B100CD1868 /* AccessoryView.swift */; };
/* End PBXBuildFile section */

/* Begin PBXFileReference section */
		871723AF1CDE1A6000B88961 /* Main.storyboard */ = {isa = PBXFileReference; fileEncoding = 4; lastKnownFileType = file.storyboard; path = Main.storyboard; sourceTree = "<group>"; };
		872F7D381CDE044700505989 /* Launch Screen.storyboard */ = {isa = PBXFileReference; fileEncoding = 4; lastKnownFileType = file.storyboard; path = "Launch Screen.storyboard"; sourceTree = "<group>"; };
		87549C3F1B34067200CD1868 /* Seasonizer.app */ = {isa = PBXFileReference; explicitFileType = wrapper.application; includeInIndex = 0; path = Seasonizer.app; sourceTree = BUILT_PRODUCTS_DIR; };
		87549C431B34067200CD1868 /* Info.plist */ = {isa = PBXFileReference; lastKnownFileType = text.plist.xml; path = Info.plist; sourceTree = "<group>"; };
		87549C441B34067200CD1868 /* AppDelegate.swift */ = {isa = PBXFileReference; lastKnownFileType = sourcecode.swift; path = AppDelegate.swift; sourceTree = "<group>"; };
		87549C461B34067200CD1868 /* CanvasViewController.swift */ = {isa = PBXFileReference; lastKnownFileType = sourcecode.swift; path = CanvasViewController.swift; sourceTree = "<group>"; };
		87549C641B3412F300CD1868 /* Accessory.swift */ = {isa = PBXFileReference; fileEncoding = 4; lastKnownFileType = sourcecode.swift; path = Accessory.swift; sourceTree = "<group>"; };
		87549C661B34154000CD1868 /* Images.xcassets */ = {isa = PBXFileReference; lastKnownFileType = folder.assetcatalog; path = Images.xcassets; sourceTree = "<group>"; };
		87549C681B3415FA00CD1868 /* AccessoryListViewController.swift */ = {isa = PBXFileReference; fileEncoding = 4; lastKnownFileType = sourcecode.swift; path = AccessoryListViewController.swift; sourceTree = "<group>"; };
		87549C6C1B3443B100CD1868 /* AccessoryView.swift */ = {isa = PBXFileReference; fileEncoding = 4; lastKnownFileType = sourcecode.swift; path = AccessoryView.swift; sourceTree = "<group>"; };
/* End PBXFileReference section */

/* Begin PBXFrameworksBuildPhase section */
		87549C3C1B34067200CD1868 /* Frameworks */ = {
			isa = PBXFrameworksBuildPhase;
			buildActionMask = 2147483647;
			files = (
			);
			runOnlyForDeploymentPostprocessing = 0;
		};
/* End PBXFrameworksBuildPhase section */

/* Begin PBXGroup section */
		872F7D351CDE039100505989 /* View Controller */ = {
			isa = PBXGroup;
			children = (
				87549C461B34067200CD1868 /* CanvasViewController.swift */,
				87549C681B3415FA00CD1868 /* AccessoryListViewController.swift */,
			);
			name = "View Controller";
			sourceTree = "<group>";
		};
		872F7D361CDE039C00505989 /* Model */ = {
			isa = PBXGroup;
			children = (
				87549C641B3412F300CD1868 /* Accessory.swift */,
			);
			name = Model;
			sourceTree = "<group>";
		};
		872F7D371CDE03A300505989 /* View */ = {
			isa = PBXGroup;
			children = (
				87549C6C1B3443B100CD1868 /* AccessoryView.swift */,
			);
			name = View;
			sourceTree = "<group>";
		};
		87549C361B34067200CD1868 = {
			isa = PBXGroup;
			children = (
				87549C411B34067200CD1868 /* Seasonizer */,
				87549C401B34067200CD1868 /* Products */,
			);
			sourceTree = "<group>";
		};
		87549C401B34067200CD1868 /* Products */ = {
			isa = PBXGroup;
			children = (
				87549C3F1B34067200CD1868 /* Seasonizer.app */,
			);
			name = Products;
			sourceTree = "<group>";
		};
		87549C411B34067200CD1868 /* Seasonizer */ = {
			isa = PBXGroup;
			children = (
				87549C441B34067200CD1868 /* AppDelegate.swift */,
				871723AF1CDE1A6000B88961 /* Main.storyboard */,
				87549C661B34154000CD1868 /* Images.xcassets */,
				872F7D351CDE039100505989 /* View Controller */,
				872F7D371CDE03A300505989 /* View */,
				872F7D361CDE039C00505989 /* Model */,
				87549C421B34067200CD1868 /* Supporting Files */,
			);
			path = Seasonizer;
			sourceTree = "<group>";
		};
		87549C421B34067200CD1868 /* Supporting Files */ = {
			isa = PBXGroup;
			children = (
				87549C431B34067200CD1868 /* Info.plist */,
				872F7D381CDE044700505989 /* Launch Screen.storyboard */,
			);
			name = "Supporting Files";
			sourceTree = "<group>";
		};
/* End PBXGroup section */

/* Begin PBXNativeTarget section */
		87549C3E1B34067200CD1868 /* Seasonizer */ = {
			isa = PBXNativeTarget;
			buildConfigurationList = 87549C5E1B34067200CD1868 /* Build configuration list for PBXNativeTarget "Seasonizer" */;
			buildPhases = (
				87549C3B1B34067200CD1868 /* Sources */,
				87549C3C1B34067200CD1868 /* Frameworks */,
				87549C3D1B34067200CD1868 /* Resources */,
			);
			buildRules = (
			);
			dependencies = (
			);
			name = Seasonizer;
			productName = Seasonizer;
			productReference = 87549C3F1B34067200CD1868 /* Seasonizer.app */;
			productType = "com.apple.product-type.application";
		};
/* End PBXNativeTarget section */

/* Begin PBXProject section */
		87549C371B34067200CD1868 /* Project object */ = {
			isa = PBXProject;
			attributes = {
				LastSwiftMigration = 0730;
				LastSwiftUpdateCheck = 0700;
				LastUpgradeCheck = 0700;
				ORGANIZATIONNAME = "Nils Fischer";
				TargetAttributes = {
					87549C3E1B34067200CD1868 = {
						CreatedOnToolsVersion = 6.3.2;
						DevelopmentTeam = LS389VJ9WF;
					};
				};
			};
			buildConfigurationList = 87549C3A1B34067200CD1868 /* Build configuration list for PBXProject "Seasonizer" */;
			compatibilityVersion = "Xcode 3.2";
			developmentRegion = English;
			hasScannedForEncodings = 0;
			knownRegions = (
				en,
			);
			mainGroup = 87549C361B34067200CD1868;
			productRefGroup = 87549C401B34067200CD1868 /* Products */;
			projectDirPath = "";
			projectRoot = "";
			targets = (
				87549C3E1B34067200CD1868 /* Seasonizer */,
			);
		};
/* End PBXProject section */

/* Begin PBXResourcesBuildPhase section */
		87549C3D1B34067200CD1868 /* Resources */ = {
			isa = PBXResourcesBuildPhase;
			buildActionMask = 2147483647;
			files = (
				871723B01CDE1A6000B88961 /* Main.storyboard in Resources */,
				872F7D391CDE044700505989 /* Launch Screen.storyboard in Resources */,
				87549C671B34154000CD1868 /* Images.xcassets in Resources */,
			);
			runOnlyForDeploymentPostprocessing = 0;
		};
/* End PBXResourcesBuildPhase section */

/* Begin PBXSourcesBuildPhase section */
		87549C3B1B34067200CD1868 /* Sources */ = {
			isa = PBXSourcesBuildPhase;
			buildActionMask = 2147483647;
			files = (
				87549C651B3412F300CD1868 /* Accessory.swift in Sources */,
				87549C6D1B3443B100CD1868 /* AccessoryView.swift in Sources */,
				87549C691B3415FA00CD1868 /* AccessoryListViewController.swift in Sources */,
				87549C471B34067200CD1868 /* CanvasViewController.swift in Sources */,
				87549C451B34067200CD1868 /* AppDelegate.swift in Sources */,
			);
			runOnlyForDeploymentPostprocessing = 0;
		};
/* End PBXSourcesBuildPhase section */

/* Begin XCBuildConfiguration section */
		87549C5C1B34067200CD1868 /* Debug */ = {
			isa = XCBuildConfiguration;
			buildSettings = {
				ALWAYS_SEARCH_USER_PATHS = NO;
				CLANG_CXX_LANGUAGE_STANDARD = "gnu++0x";
				CLANG_CXX_LIBRARY = "libc++";
				CLANG_ENABLE_MODULES = YES;
				CLANG_ENABLE_OBJC_ARC = YES;
				CLANG_WARN_BOOL_CONVERSION = YES;
				CLANG_WARN_CONSTANT_CONVERSION = YES;
				CLANG_WARN_DIRECT_OBJC_ISA_USAGE = YES_ERROR;
				CLANG_WARN_EMPTY_BODY = YES;
				CLANG_WARN_ENUM_CONVERSION = YES;
				CLANG_WARN_INT_CONVERSION = YES;
				CLANG_WARN_OBJC_ROOT_CLASS = YES_ERROR;
				CLANG_WARN_UNREACHABLE_CODE = YES;
				CLANG_WARN__DUPLICATE_METHOD_MATCH = YES;
				"CODE_SIGN_IDENTITY[sdk=iphoneos*]" = "iPhone Developer";
				COPY_PHASE_STRIP = NO;
				DEBUG_INFORMATION_FORMAT = "dwarf-with-dsym";
				ENABLE_STRICT_OBJC_MSGSEND = YES;
				ENABLE_TESTABILITY = YES;
				GCC_C_LANGUAGE_STANDARD = gnu99;
				GCC_DYNAMIC_NO_PIC = NO;
				GCC_NO_COMMON_BLOCKS = YES;
				GCC_OPTIMIZATION_LEVEL = 0;
				GCC_PREPROCESSOR_DEFINITIONS = (
					"DEBUG=1",
					"$(inherited)",
				);
				GCC_SYMBOLS_PRIVATE_EXTERN = NO;
				GCC_WARN_64_TO_32_BIT_CONVERSION = YES;
				GCC_WARN_ABOUT_RETURN_TYPE = YES_ERROR;
				GCC_WARN_UNDECLARED_SELECTOR = YES;
				GCC_WARN_UNINITIALIZED_AUTOS = YES_AGGRESSIVE;
				GCC_WARN_UNUSED_FUNCTION = YES;
				GCC_WARN_UNUSED_VARIABLE = YES;
				IPHONEOS_DEPLOYMENT_TARGET = 9.0;
				MTL_ENABLE_DEBUG_INFO = YES;
				ONLY_ACTIVE_ARCH = YES;
				SDKROOT = iphoneos;
				SWIFT_OPTIMIZATION_LEVEL = "-Onone";
				TARGETED_DEVICE_FAMILY = "1,2";
			};
			name = Debug;
		};
		87549C5D1B34067200CD1868 /* Release */ = {
			isa = XCBuildConfiguration;
			buildSettings = {
				ALWAYS_SEARCH_USER_PATHS = NO;
				CLANG_CXX_LANGUAGE_STANDARD = "gnu++0x";
				CLANG_CXX_LIBRARY = "libc++";
				CLANG_ENABLE_MODULES = YES;
				CLANG_ENABLE_OBJC_ARC = YES;
				CLANG_WARN_BOOL_CONVERSION = YES;
				CLANG_WARN_CONSTANT_CONVERSION = YES;
				CLANG_WARN_DIRECT_OBJC_ISA_USAGE = YES_ERROR;
				CLANG_WARN_EMPTY_BODY = YES;
				CLANG_WARN_ENUM_CONVERSION = YES;
				CLANG_WARN_INT_CONVERSION = YES;
				CLANG_WARN_OBJC_ROOT_CLASS = YES_ERROR;
				CLANG_WARN_UNREACHABLE_CODE = YES;
				CLANG_WARN__DUPLICATE_METHOD_MATCH = YES;
				"CODE_SIGN_IDENTITY[sdk=iphoneos*]" = "iPhone Developer";
				COPY_PHASE_STRIP = NO;
				DEBUG_INFORMATION_FORMAT = "dwarf-with-dsym";
				ENABLE_NS_ASSERTIONS = NO;
				ENABLE_STRICT_OBJC_MSGSEND = YES;
				GCC_C_LANGUAGE_STANDARD = gnu99;
				GCC_NO_COMMON_BLOCKS = YES;
				GCC_WARN_64_TO_32_BIT_CONVERSION = YES;
				GCC_WARN_ABOUT_RETURN_TYPE = YES_ERROR;
				GCC_WARN_UNDECLARED_SELECTOR = YES;
				GCC_WARN_UNINITIALIZED_AUTOS = YES_AGGRESSIVE;
				GCC_WARN_UNUSED_FUNCTION = YES;
				GCC_WARN_UNUSED_VARIABLE = YES;
				IPHONEOS_DEPLOYMENT_TARGET = 9.0;
				MTL_ENABLE_DEBUG_INFO = NO;
				SDKROOT = iphoneos;
				TARGETED_DEVICE_FAMILY = "1,2";
				VALIDATE_PRODUCT = YES;
			};
			name = Release;
		};
		87549C5F1B34067200CD1868 /* Debug */ = {
			isa = XCBuildConfiguration;
			buildSettings = {
				ASSETCATALOG_COMPILER_APPICON_NAME = AppIcon;
				CODE_SIGN_IDENTITY = "iPhone Developer";
				"CODE_SIGN_IDENTITY[sdk=iphoneos*]" = "iPhone Developer";
				INFOPLIST_FILE = Seasonizer/Info.plist;
				IPHONEOS_DEPLOYMENT_TARGET = 9.1;
				LD_RUNPATH_SEARCH_PATHS = "$(inherited) @executable_path/Frameworks";
				PRODUCT_BUNDLE_IDENTIFIER = "de.uni-heidelberg.ios-dev-kurs.colin.seasonizer";
				PRODUCT_NAME = "$(TARGET_NAME)";
				PROVISIONING_PROFILE = "";
				TARGETED_DEVICE_FAMILY = "1,2";
			};
			name = Debug;
		};
		87549C601B34067200CD1868 /* Release */ = {
			isa = XCBuildConfiguration;
			buildSettings = {
				ASSETCATALOG_COMPILER_APPICON_NAME = AppIcon;
				CODE_SIGN_IDENTITY = "iPhone Developer";
				"CODE_SIGN_IDENTITY[sdk=iphoneos*]" = "iPhone Developer";
				INFOPLIST_FILE = Seasonizer/Info.plist;
				IPHONEOS_DEPLOYMENT_TARGET = 9.1;
				LD_RUNPATH_SEARCH_PATHS = "$(inherited) @executable_path/Frameworks";
				PRODUCT_BUNDLE_IDENTIFIER = "de.uni-heidelberg.ios-dev-kurs.colin.seasonizer";
				PRODUCT_NAME = "$(TARGET_NAME)";
				PROVISIONING_PROFILE = "";
				TARGETED_DEVICE_FAMILY = "1,2";
			};
			name = Release;
		};
/* End XCBuildConfiguration section */

/* Begin XCConfigurationList section */
		87549C3A1B34067200CD1868 /* Build configuration list for PBXProject "Seasonizer" */ = {
			isa = XCConfigurationList;
			buildConfigurations = (
				87549C5C1B34067200CD1868 /* Debug */,
				87549C5D1B34067200CD1868 /* Release */,
			);
			defaultConfigurationIsVisible = 0;
			defaultConfigurationName = Release;
		};
		87549C5E1B34067200CD1868 /* Build configuration list for PBXNativeTarget "Seasonizer" */ = {
			isa = XCConfigurationList;
			buildConfigurations = (
				87549C5F1B34067200CD1868 /* Debug */,
				87549C601B34067200CD1868 /* Release */,
			);
			defaultConfigurationIsVisible = 0;
			defaultConfigurationName = Release;
		};
/* End XCConfigurationList section */
	};
	rootObject = 87549C371B34067200CD1868 /* Project object */;
}
